{
  "version": "4",
  "specifiers": {
    "npm:@skeletonlabs/skeleton-svelte@^1.0.0-next.22": "1.2.1_svelte@5.25.3__acorn@8.14.0",
    "npm:@skeletonlabs/skeleton@^3.0.0-next.13": "3.1.3_tailwindcss@4.1.4",
    "npm:@sveltejs/adapter-auto@4": "4.0.0_@sveltejs+kit@2.16.0__@sveltejs+vite-plugin-svelte@4.0.4___svelte@5.19.0____acorn@8.14.0___vite@5.4.11__svelte@5.19.0___acorn@8.14.0__vite@5.4.11_@sveltejs+vite-plugin-svelte@4.0.4__svelte@5.19.0___acorn@8.14.0__vite@5.4.11_svelte@5.19.0__acorn@8.14.0_vite@5.4.11",
    "npm:@sveltejs/adapter-static@3": "3.0.8_@sveltejs+kit@2.16.0__@sveltejs+vite-plugin-svelte@4.0.4___svelte@5.19.0____acorn@8.14.0___vite@5.4.11__svelte@5.19.0___acorn@8.14.0__vite@5.4.11_@sveltejs+vite-plugin-svelte@4.0.4__svelte@5.19.0___acorn@8.14.0__vite@5.4.11_svelte@5.19.0__acorn@8.14.0_vite@5.4.11",
    "npm:@sveltejs/kit@2": "2.16.0_@sveltejs+vite-plugin-svelte@4.0.4__svelte@5.19.0___acorn@8.14.0__vite@5.4.11_svelte@5.19.0__acorn@8.14.0_vite@5.4.11",
    "npm:@sveltejs/vite-plugin-svelte@4": "4.0.4_svelte@5.19.0__acorn@8.14.0_vite@5.4.11",
    "npm:@tailwindcss/forms@~0.5.10": "0.5.10_tailwindcss@4.1.4",
    "npm:@tailwindcss/vite@^4.1.4": "4.1.4_vite@5.4.11",
    "npm:svelte@5": "5.19.0_acorn@8.14.0",
    "npm:tailwindcss@^4.1.4": "4.1.4",
    "npm:vite@^5.4.11": "5.4.11"
  },
  "npm": {
    "@ampproject/remapping@2.3.0": {
      "integrity": "sha512-30iZtAPgz+LTIYoeivqYo853f02jBYSd5uGnGpkFV0M3xOt9aN73erkgYAmZU43x4VfqcnLxW9Kpg3R5LC4YYw==",
      "dependencies": [
        "@jridgewell/gen-mapping",
        "@jridgewell/trace-mapping"
      ]
    },
    "@emnapi/core@1.4.3": {
      "integrity": "sha512-4m62DuCE07lw01soJwPiBGC0nAww0Q+RY70VZ+n49yDIO13yyinhbWCeNnaob0lakDtWQzSdtNWzJeOJt2ma+g==",
      "dependencies": [
        "@emnapi/wasi-threads",
        "tslib"
      ]
    },
    "@emnapi/runtime@1.4.3": {
      "integrity": "sha512-pBPWdu6MLKROBX05wSNKcNb++m5Er+KQ9QkB+WVM+pW2Kx9hoSrVTnu3BdkI5eBLZoKu/J6mW/B6i6bJB2ytXQ==",
      "dependencies": [
        "tslib"
      ]
    },
    "@emnapi/wasi-threads@1.0.2": {
      "integrity": "sha512-5n3nTJblwRi8LlXkJ9eBzu+kZR8Yxcc7ubakyQTFzPMtIhFpUBRbsnc2Dv88IZDIbCDlBiWrknhB4Lsz7mg6BA==",
      "dependencies": [
        "tslib"
      ]
    },
    "@esbuild/aix-ppc64@0.21.5": {
      "integrity": "sha512-1SDgH6ZSPTlggy1yI6+Dbkiz8xzpHJEVAlF/AM1tHPLsf5STom9rwtjE4hKAF20FfXXNTFqEYXyJNWh1GiZedQ=="
    },
    "@esbuild/android-arm64@0.21.5": {
      "integrity": "sha512-c0uX9VAUBQ7dTDCjq+wdyGLowMdtR/GoC2U5IYk/7D1H1JYC0qseD7+11iMP2mRLN9RcCMRcjC4YMclCzGwS/A=="
    },
    "@esbuild/android-arm@0.21.5": {
      "integrity": "sha512-vCPvzSjpPHEi1siZdlvAlsPxXl7WbOVUBBAowWug4rJHb68Ox8KualB+1ocNvT5fjv6wpkX6o/iEpbDrf68zcg=="
    },
    "@esbuild/android-x64@0.21.5": {
      "integrity": "sha512-D7aPRUUNHRBwHxzxRvp856rjUHRFW1SdQATKXH2hqA0kAZb1hKmi02OpYRacl0TxIGz/ZmXWlbZgjwWYaCakTA=="
    },
    "@esbuild/darwin-arm64@0.21.5": {
      "integrity": "sha512-DwqXqZyuk5AiWWf3UfLiRDJ5EDd49zg6O9wclZ7kUMv2WRFr4HKjXp/5t8JZ11QbQfUS6/cRCKGwYhtNAY88kQ=="
    },
    "@esbuild/darwin-x64@0.21.5": {
      "integrity": "sha512-se/JjF8NlmKVG4kNIuyWMV/22ZaerB+qaSi5MdrXtd6R08kvs2qCN4C09miupktDitvh8jRFflwGFBQcxZRjbw=="
    },
    "@esbuild/freebsd-arm64@0.21.5": {
      "integrity": "sha512-5JcRxxRDUJLX8JXp/wcBCy3pENnCgBR9bN6JsY4OmhfUtIHe3ZW0mawA7+RDAcMLrMIZaf03NlQiX9DGyB8h4g=="
    },
    "@esbuild/freebsd-x64@0.21.5": {
      "integrity": "sha512-J95kNBj1zkbMXtHVH29bBriQygMXqoVQOQYA+ISs0/2l3T9/kj42ow2mpqerRBxDJnmkUDCaQT/dfNXWX/ZZCQ=="
    },
    "@esbuild/linux-arm64@0.21.5": {
      "integrity": "sha512-ibKvmyYzKsBeX8d8I7MH/TMfWDXBF3db4qM6sy+7re0YXya+K1cem3on9XgdT2EQGMu4hQyZhan7TeQ8XkGp4Q=="
    },
    "@esbuild/linux-arm@0.21.5": {
      "integrity": "sha512-bPb5AHZtbeNGjCKVZ9UGqGwo8EUu4cLq68E95A53KlxAPRmUyYv2D6F0uUI65XisGOL1hBP5mTronbgo+0bFcA=="
    },
    "@esbuild/linux-ia32@0.21.5": {
      "integrity": "sha512-YvjXDqLRqPDl2dvRODYmmhz4rPeVKYvppfGYKSNGdyZkA01046pLWyRKKI3ax8fbJoK5QbxblURkwK/MWY18Tg=="
    },
    "@esbuild/linux-loong64@0.21.5": {
      "integrity": "sha512-uHf1BmMG8qEvzdrzAqg2SIG/02+4/DHB6a9Kbya0XDvwDEKCoC8ZRWI5JJvNdUjtciBGFQ5PuBlpEOXQj+JQSg=="
    },
    "@esbuild/linux-mips64el@0.21.5": {
      "integrity": "sha512-IajOmO+KJK23bj52dFSNCMsz1QP1DqM6cwLUv3W1QwyxkyIWecfafnI555fvSGqEKwjMXVLokcV5ygHW5b3Jbg=="
    },
    "@esbuild/linux-ppc64@0.21.5": {
      "integrity": "sha512-1hHV/Z4OEfMwpLO8rp7CvlhBDnjsC3CttJXIhBi+5Aj5r+MBvy4egg7wCbe//hSsT+RvDAG7s81tAvpL2XAE4w=="
    },
    "@esbuild/linux-riscv64@0.21.5": {
      "integrity": "sha512-2HdXDMd9GMgTGrPWnJzP2ALSokE/0O5HhTUvWIbD3YdjME8JwvSCnNGBnTThKGEB91OZhzrJ4qIIxk/SBmyDDA=="
    },
    "@esbuild/linux-s390x@0.21.5": {
      "integrity": "sha512-zus5sxzqBJD3eXxwvjN1yQkRepANgxE9lgOW2qLnmr8ikMTphkjgXu1HR01K4FJg8h1kEEDAqDcZQtbrRnB41A=="
    },
    "@esbuild/linux-x64@0.21.5": {
      "integrity": "sha512-1rYdTpyv03iycF1+BhzrzQJCdOuAOtaqHTWJZCWvijKD2N5Xu0TtVC8/+1faWqcP9iBCWOmjmhoH94dH82BxPQ=="
    },
    "@esbuild/netbsd-x64@0.21.5": {
      "integrity": "sha512-Woi2MXzXjMULccIwMnLciyZH4nCIMpWQAs049KEeMvOcNADVxo0UBIQPfSmxB3CWKedngg7sWZdLvLczpe0tLg=="
    },
    "@esbuild/openbsd-x64@0.21.5": {
      "integrity": "sha512-HLNNw99xsvx12lFBUwoT8EVCsSvRNDVxNpjZ7bPn947b8gJPzeHWyNVhFsaerc0n3TsbOINvRP2byTZ5LKezow=="
    },
    "@esbuild/sunos-x64@0.21.5": {
      "integrity": "sha512-6+gjmFpfy0BHU5Tpptkuh8+uw3mnrvgs+dSPQXQOv3ekbordwnzTVEb4qnIvQcYXq6gzkyTnoZ9dZG+D4garKg=="
    },
    "@esbuild/win32-arm64@0.21.5": {
      "integrity": "sha512-Z0gOTd75VvXqyq7nsl93zwahcTROgqvuAcYDUr+vOv8uHhNSKROyU961kgtCD1e95IqPKSQKH7tBTslnS3tA8A=="
    },
    "@esbuild/win32-ia32@0.21.5": {
      "integrity": "sha512-SWXFF1CL2RVNMaVs+BBClwtfZSvDgtL//G/smwAc5oVK/UPu2Gu9tIaRgFmYFFKrmg3SyAjSrElf0TiJ1v8fYA=="
    },
    "@esbuild/win32-x64@0.21.5": {
      "integrity": "sha512-tQd/1efJuzPC6rCFwEvLtci/xNFcTZknmXs98FYDfGE4wP9ClFV98nyKrzJKVPMhdDnjzLhdUyMX4PsQAPjwIw=="
    },
    "@floating-ui/core@1.6.9": {
      "integrity": "sha512-uMXCuQ3BItDUbAMhIXw7UPXRfAlOAvZzdK9BWpE60MCn+Svt3aLn9jsPTi/WNGlRUu2uI0v5S7JiIUsbsvh3fw==",
      "dependencies": [
        "@floating-ui/utils"
      ]
    },
    "@floating-ui/dom@1.6.13": {
      "integrity": "sha512-umqzocjDgNRGTuO7Q8CU32dkHkECqI8ZdMZ5Swb6QAM0t5rnlrN3lGo1hdpscRd3WS8T6DKYK4ephgIH9iRh3w==",
      "dependencies": [
        "@floating-ui/core",
        "@floating-ui/utils"
      ]
    },
    "@floating-ui/utils@0.2.9": {
      "integrity": "sha512-MDWhGtE+eHw5JW7lq4qhc5yRLS11ERl1c7Z6Xd0a58DozHES6EnNNwUWbMiG4J9Cgj053Bhk8zvlhFYKVhULwg=="
    },
    "@jridgewell/gen-mapping@0.3.8": {
      "integrity": "sha512-imAbBGkb+ebQyxKgzv5Hu2nmROxoDOXHh80evxdoXNOrvAnVx7zimzc1Oo5h9RlfV4vPXaE2iM5pOFbvOCClWA==",
      "dependencies": [
        "@jridgewell/set-array",
        "@jridgewell/sourcemap-codec",
        "@jridgewell/trace-mapping"
      ]
    },
    "@jridgewell/resolve-uri@3.1.2": {
      "integrity": "sha512-bRISgCIjP20/tbWSPWMEi54QVPRZExkuD9lJL+UIxUKtwVJA8wW1Trb1jMs1RFXo1CBTNZ/5hpC9QvmKWdopKw=="
    },
    "@jridgewell/set-array@1.2.1": {
      "integrity": "sha512-R8gLRTZeyp03ymzP/6Lil/28tGeGEzhx1q2k703KGWRAI1VdvPIXdG70VJc2pAMw3NA6JKL5hhFu1sJX0Mnn/A=="
    },
    "@jridgewell/sourcemap-codec@1.5.0": {
      "integrity": "sha512-gv3ZRaISU3fjPAgNsriBRqGWQL6quFx04YMPW/zD8XMLsU32mhCCbfbO6KZFLjvYpCZ8zyDEgqsgf+PwPaM7GQ=="
    },
    "@jridgewell/trace-mapping@0.3.25": {
      "integrity": "sha512-vNk6aEwybGtawWmy/PzwnGDOjCkLWSD2wqvjGGAgOAwCGWySYXfYoxt00IJkTF+8Lb57DwOb3Aa0o9CApepiYQ==",
      "dependencies": [
        "@jridgewell/resolve-uri",
        "@jridgewell/sourcemap-codec"
      ]
    },
    "@napi-rs/wasm-runtime@0.2.9": {
      "integrity": "sha512-OKRBiajrrxB9ATokgEQoG87Z25c67pCpYcCwmXYX8PBftC9pBfN18gnm/fh1wurSLEKIAt+QRFLFCQISrb66Jg==",
      "dependencies": [
        "@emnapi/core",
        "@emnapi/runtime",
        "@tybys/wasm-util"
      ]
    },
    "@polka/url@1.0.0-next.28": {
      "integrity": "sha512-8LduaNlMZGwdZ6qWrKlfa+2M4gahzFkprZiAt2TF8uS0qQgBizKXpXURqvTJ4WtmupWxaLqjRb2UCTe72mu+Aw=="
    },
    "@rollup/rollup-android-arm-eabi@4.31.0": {
      "integrity": "sha512-9NrR4033uCbUBRgvLcBrJofa2KY9DzxL2UKZ1/4xA/mnTNyhZCWBuD8X3tPm1n4KxcgaraOYgrFKSgwjASfmlA=="
    },
    "@rollup/rollup-android-arm64@4.31.0": {
      "integrity": "sha512-iBbODqT86YBFHajxxF8ebj2hwKm1k8PTBQSojSt3d1FFt1gN+xf4CowE47iN0vOSdnd+5ierMHBbu/rHc7nq5g=="
    },
    "@rollup/rollup-darwin-arm64@4.31.0": {
      "integrity": "sha512-WHIZfXgVBX30SWuTMhlHPXTyN20AXrLH4TEeH/D0Bolvx9PjgZnn4H677PlSGvU6MKNsjCQJYczkpvBbrBnG6g=="
    },
    "@rollup/rollup-darwin-x64@4.31.0": {
      "integrity": "sha512-hrWL7uQacTEF8gdrQAqcDy9xllQ0w0zuL1wk1HV8wKGSGbKPVjVUv/DEwT2+Asabf8Dh/As+IvfdU+H8hhzrQQ=="
    },
    "@rollup/rollup-freebsd-arm64@4.31.0": {
      "integrity": "sha512-S2oCsZ4hJviG1QjPY1h6sVJLBI6ekBeAEssYKad1soRFv3SocsQCzX6cwnk6fID6UQQACTjeIMB+hyYrFacRew=="
    },
    "@rollup/rollup-freebsd-x64@4.31.0": {
      "integrity": "sha512-pCANqpynRS4Jirn4IKZH4tnm2+2CqCNLKD7gAdEjzdLGbH1iO0zouHz4mxqg0uEMpO030ejJ0aA6e1PJo2xrPA=="
    },
    "@rollup/rollup-linux-arm-gnueabihf@4.31.0": {
      "integrity": "sha512-0O8ViX+QcBd3ZmGlcFTnYXZKGbFu09EhgD27tgTdGnkcYXLat4KIsBBQeKLR2xZDCXdIBAlWLkiXE1+rJpCxFw=="
    },
    "@rollup/rollup-linux-arm-musleabihf@4.31.0": {
      "integrity": "sha512-w5IzG0wTVv7B0/SwDnMYmbr2uERQp999q8FMkKG1I+j8hpPX2BYFjWe69xbhbP6J9h2gId/7ogesl9hwblFwwg=="
    },
    "@rollup/rollup-linux-arm64-gnu@4.31.0": {
      "integrity": "sha512-JyFFshbN5xwy6fulZ8B/8qOqENRmDdEkcIMF0Zz+RsfamEW+Zabl5jAb0IozP/8UKnJ7g2FtZZPEUIAlUSX8cA=="
    },
    "@rollup/rollup-linux-arm64-musl@4.31.0": {
      "integrity": "sha512-kpQXQ0UPFeMPmPYksiBL9WS/BDiQEjRGMfklVIsA0Sng347H8W2iexch+IEwaR7OVSKtr2ZFxggt11zVIlZ25g=="
    },
    "@rollup/rollup-linux-loongarch64-gnu@4.31.0": {
      "integrity": "sha512-pMlxLjt60iQTzt9iBb3jZphFIl55a70wexvo8p+vVFK+7ifTRookdoXX3bOsRdmfD+OKnMozKO6XM4zR0sHRrQ=="
    },
    "@rollup/rollup-linux-powerpc64le-gnu@4.31.0": {
      "integrity": "sha512-D7TXT7I/uKEuWiRkEFbed1UUYZwcJDU4vZQdPTcepK7ecPhzKOYk4Er2YR4uHKme4qDeIh6N3XrLfpuM7vzRWQ=="
    },
    "@rollup/rollup-linux-riscv64-gnu@4.31.0": {
      "integrity": "sha512-wal2Tc8O5lMBtoePLBYRKj2CImUCJ4UNGJlLwspx7QApYny7K1cUYlzQ/4IGQBLmm+y0RS7dwc3TDO/pmcneTw=="
    },
    "@rollup/rollup-linux-s390x-gnu@4.31.0": {
      "integrity": "sha512-O1o5EUI0+RRMkK9wiTVpk2tyzXdXefHtRTIjBbmFREmNMy7pFeYXCFGbhKFwISA3UOExlo5GGUuuj3oMKdK6JQ=="
    },
    "@rollup/rollup-linux-x64-gnu@4.31.0": {
      "integrity": "sha512-zSoHl356vKnNxwOWnLd60ixHNPRBglxpv2g7q0Cd3Pmr561gf0HiAcUBRL3S1vPqRC17Zo2CX/9cPkqTIiai1g=="
    },
    "@rollup/rollup-linux-x64-musl@4.31.0": {
      "integrity": "sha512-ypB/HMtcSGhKUQNiFwqgdclWNRrAYDH8iMYH4etw/ZlGwiTVxBz2tDrGRrPlfZu6QjXwtd+C3Zib5pFqID97ZA=="
    },
    "@rollup/rollup-win32-arm64-msvc@4.31.0": {
      "integrity": "sha512-JuhN2xdI/m8Hr+aVO3vspO7OQfUFO6bKLIRTAy0U15vmWjnZDLrEgCZ2s6+scAYaQVpYSh9tZtRijApw9IXyMw=="
    },
    "@rollup/rollup-win32-ia32-msvc@4.31.0": {
      "integrity": "sha512-U1xZZXYkvdf5MIWmftU8wrM5PPXzyaY1nGCI4KI4BFfoZxHamsIe+BtnPLIvvPykvQWlVbqUXdLa4aJUuilwLQ=="
    },
    "@rollup/rollup-win32-x64-msvc@4.31.0": {
      "integrity": "sha512-ul8rnCsUumNln5YWwz0ted2ZHFhzhRRnkpBZ+YRuHoRAlUji9KChpOUOndY7uykrPEPXVbHLlsdo6v5yXo/TXw=="
    },
    "@skeletonlabs/skeleton-svelte@1.2.1_svelte@5.25.3__acorn@8.14.0": {
      "integrity": "sha512-lb0P+qgK1Lgs2EbTHxc2OSkq0Rr9W7Xtm8nyVWHOjM07Mm5OuTmP2ThfUXj8Z76JlrnJPayGrRZz5P+GefF0GQ==",
      "dependencies": [
        "@zag-js/accordion",
        "@zag-js/avatar",
        "@zag-js/combobox",
        "@zag-js/dialog",
        "@zag-js/file-upload",
        "@zag-js/pagination",
        "@zag-js/popover",
        "@zag-js/progress",
        "@zag-js/radio-group",
        "@zag-js/rating-group",
        "@zag-js/slider",
        "@zag-js/svelte",
        "@zag-js/switch",
        "@zag-js/tabs",
        "@zag-js/tags-input",
        "@zag-js/toast",
        "@zag-js/tooltip",
        "svelte@5.25.3_acorn@8.14.0"
      ]
    },
    "@skeletonlabs/skeleton@3.1.3_tailwindcss@4.1.4": {
      "integrity": "sha512-ZXllVGa5DoDQYeQF2866kKTGllRM11W0gRzvsDx8hiVE2Vj7Z0Z8dcOKOx+gb0myXG1PRAP5Yj7nwTLBDG14lg==",
      "dependencies": [
        "tailwindcss"
      ]
    },
    "@sveltejs/acorn-typescript@1.0.5_acorn@8.14.0": {
      "integrity": "sha512-IwQk4yfwLdibDlrXVE04jTZYlLnwsTT2PIOQQGNLWfjavGifnk1JD1LcZjZaBTRcxZu2FfPfNLOE04DSu9lqtQ==",
      "dependencies": [
        "acorn"
      ]
    },
    "@sveltejs/adapter-auto@4.0.0_@sveltejs+kit@2.16.0__@sveltejs+vite-plugin-svelte@4.0.4___svelte@5.19.0____acorn@8.14.0___vite@5.4.11__svelte@5.19.0___acorn@8.14.0__vite@5.4.11_@sveltejs+vite-plugin-svelte@4.0.4__svelte@5.19.0___acorn@8.14.0__vite@5.4.11_svelte@5.19.0__acorn@8.14.0_vite@5.4.11": {
      "integrity": "sha512-kmuYSQdD2AwThymQF0haQhM8rE5rhutQXG4LNbnbShwhMO4qQGnKaaTy+88DuNSuoQDi58+thpq8XpHc1+oEKQ==",
      "dependencies": [
        "@sveltejs/kit",
        "import-meta-resolve"
      ]
    },
    "@sveltejs/adapter-static@3.0.8_@sveltejs+kit@2.16.0__@sveltejs+vite-plugin-svelte@4.0.4___svelte@5.19.0____acorn@8.14.0___vite@5.4.11__svelte@5.19.0___acorn@8.14.0__vite@5.4.11_@sveltejs+vite-plugin-svelte@4.0.4__svelte@5.19.0___acorn@8.14.0__vite@5.4.11_svelte@5.19.0__acorn@8.14.0_vite@5.4.11": {
      "integrity": "sha512-YaDrquRpZwfcXbnlDsSrBQNCChVOT9MGuSg+dMAyfsAa1SmiAhrA5jUYUiIMC59G92kIbY/AaQOWcBdq+lh+zg==",
      "dependencies": [
        "@sveltejs/kit"
      ]
    },
    "@sveltejs/kit@2.16.0_@sveltejs+vite-plugin-svelte@4.0.4__svelte@5.19.0___acorn@8.14.0__vite@5.4.11_svelte@5.19.0__acorn@8.14.0_vite@5.4.11": {
      "integrity": "sha512-S9i1ZWKqluzoaJ6riYnEdbe+xJluMTMkhABouBa66GaWcAyCjW/jAc0NdJQJ/DXyK1CnP5quBW25e99MNyvLxA==",
      "dependencies": [
        "@sveltejs/vite-plugin-svelte",
        "@types/cookie",
        "cookie",
        "devalue",
        "esm-env",
        "import-meta-resolve",
        "kleur",
        "magic-string",
        "mrmime",
        "sade",
        "set-cookie-parser",
        "sirv",
        "svelte@5.19.0_acorn@8.14.0",
        "vite"
      ]
    },
    "@sveltejs/vite-plugin-svelte-inspector@3.0.1_@sveltejs+vite-plugin-svelte@4.0.4__svelte@5.19.0___acorn@8.14.0__vite@5.4.11_svelte@5.19.0__acorn@8.14.0_vite@5.4.11": {
      "integrity": "sha512-2CKypmj1sM4GE7HjllT7UKmo4Q6L5xFRd7VMGEWhYnZ+wc6AUVU01IBd7yUi6WnFndEwWoMNOd6e8UjoN0nbvQ==",
      "dependencies": [
        "@sveltejs/vite-plugin-svelte",
        "debug",
        "svelte@5.19.0_acorn@8.14.0",
        "vite"
      ]
    },
    "@sveltejs/vite-plugin-svelte@4.0.4_svelte@5.19.0__acorn@8.14.0_vite@5.4.11": {
      "integrity": "sha512-0ba1RQ/PHen5FGpdSrW7Y3fAMQjrXantECALeOiOdBdzR5+5vPP6HVZRLmZaQL+W8m++o+haIAKq5qT+MiZ7VA==",
      "dependencies": [
        "@sveltejs/vite-plugin-svelte-inspector",
        "debug",
        "deepmerge",
        "kleur",
        "magic-string",
        "svelte@5.19.0_acorn@8.14.0",
        "vite",
        "vitefu"
      ]
    },
    "@tailwindcss/forms@0.5.10_tailwindcss@4.1.4": {
      "integrity": "sha512-utI1ONF6uf/pPNO68kmN1b8rEwNXv3czukalo8VtJH8ksIkZXr3Q3VYudZLkCsDd4Wku120uF02hYK25XGPorw==",
      "dependencies": [
        "mini-svg-data-uri",
        "tailwindcss"
      ]
    },
    "@tailwindcss/node@4.1.4": {
      "integrity": "sha512-MT5118zaiO6x6hNA04OWInuAiP1YISXql8Z+/Y8iisV5nuhM8VXlyhRuqc2PEviPszcXI66W44bCIk500Oolhw==",
      "dependencies": [
        "enhanced-resolve",
        "jiti",
        "lightningcss",
        "tailwindcss"
      ]
    },
    "@tailwindcss/oxide-android-arm64@4.1.4": {
      "integrity": "sha512-xMMAe/SaCN/vHfQYui3fqaBDEXMu22BVwQ33veLc8ep+DNy7CWN52L+TTG9y1K397w9nkzv+Mw+mZWISiqhmlA=="
    },
    "@tailwindcss/oxide-darwin-arm64@4.1.4": {
      "integrity": "sha512-JGRj0SYFuDuAGilWFBlshcexev2hOKfNkoX+0QTksKYq2zgF9VY/vVMq9m8IObYnLna0Xlg+ytCi2FN2rOL0Sg=="
    },
    "@tailwindcss/oxide-darwin-x64@4.1.4": {
      "integrity": "sha512-sdDeLNvs3cYeWsEJ4H1DvjOzaGios4QbBTNLVLVs0XQ0V95bffT3+scptzYGPMjm7xv4+qMhCDrkHwhnUySEzA=="
    },
    "@tailwindcss/oxide-freebsd-x64@4.1.4": {
      "integrity": "sha512-VHxAqxqdghM83HslPhRsNhHo91McsxRJaEnShJOMu8mHmEj9Ig7ToHJtDukkuLWLzLboh2XSjq/0zO6wgvykNA=="
    },
    "@tailwindcss/oxide-linux-arm-gnueabihf@4.1.4": {
      "integrity": "sha512-OTU/m/eV4gQKxy9r5acuesqaymyeSCnsx1cFto/I1WhPmi5HDxX1nkzb8KYBiwkHIGg7CTfo/AcGzoXAJBxLfg=="
    },
    "@tailwindcss/oxide-linux-arm64-gnu@4.1.4": {
      "integrity": "sha512-hKlLNvbmUC6z5g/J4H+Zx7f7w15whSVImokLPmP6ff1QqTVE+TxUM9PGuNsjHvkvlHUtGTdDnOvGNSEUiXI1Ww=="
    },
    "@tailwindcss/oxide-linux-arm64-musl@4.1.4": {
      "integrity": "sha512-X3As2xhtgPTY/m5edUtddmZ8rCruvBvtxYLMw9OsZdH01L2gS2icsHRwxdU0dMItNfVmrBezueXZCHxVeeb7Aw=="
    },
    "@tailwindcss/oxide-linux-x64-gnu@4.1.4": {
      "integrity": "sha512-2VG4DqhGaDSmYIu6C4ua2vSLXnJsb/C9liej7TuSO04NK+JJJgJucDUgmX6sn7Gw3Cs5ZJ9ZLrnI0QRDOjLfNQ=="
    },
    "@tailwindcss/oxide-linux-x64-musl@4.1.4": {
      "integrity": "sha512-v+mxVgH2kmur/X5Mdrz9m7TsoVjbdYQT0b4Z+dr+I4RvreCNXyCFELZL/DO0M1RsidZTrm6O1eMnV6zlgEzTMQ=="
    },
    "@tailwindcss/oxide-wasm32-wasi@4.1.4": {
      "integrity": "sha512-2TLe9ir+9esCf6Wm+lLWTMbgklIjiF0pbmDnwmhR9MksVOq+e8aP3TSsXySnBDDvTTVd/vKu1aNttEGj3P6l8Q==",
      "dependencies": [
        "@emnapi/core",
        "@emnapi/runtime",
        "@emnapi/wasi-threads",
        "@napi-rs/wasm-runtime",
        "@tybys/wasm-util",
        "tslib"
      ]
    },
    "@tailwindcss/oxide-win32-arm64-msvc@4.1.4": {
      "integrity": "sha512-VlnhfilPlO0ltxW9/BgfLI5547PYzqBMPIzRrk4W7uupgCt8z6Trw/tAj6QUtF2om+1MH281Pg+HHUJoLesmng=="
    },
    "@tailwindcss/oxide-win32-x64-msvc@4.1.4": {
      "integrity": "sha512-+7S63t5zhYjslUGb8NcgLpFXD+Kq1F/zt5Xv5qTv7HaFTG/DHyHD9GA6ieNAxhgyA4IcKa/zy7Xx4Oad2/wuhw=="
    },
    "@tailwindcss/oxide@4.1.4": {
      "integrity": "sha512-p5wOpXyOJx7mKh5MXh5oKk+kqcz8T+bA3z/5VWWeQwFrmuBItGwz8Y2CHk/sJ+dNb9B0nYFfn0rj/cKHZyjahQ==",
      "dependencies": [
        "@tailwindcss/oxide-android-arm64",
        "@tailwindcss/oxide-darwin-arm64",
        "@tailwindcss/oxide-darwin-x64",
        "@tailwindcss/oxide-freebsd-x64",
        "@tailwindcss/oxide-linux-arm-gnueabihf",
        "@tailwindcss/oxide-linux-arm64-gnu",
        "@tailwindcss/oxide-linux-arm64-musl",
        "@tailwindcss/oxide-linux-x64-gnu",
        "@tailwindcss/oxide-linux-x64-musl",
        "@tailwindcss/oxide-wasm32-wasi",
        "@tailwindcss/oxide-win32-arm64-msvc",
        "@tailwindcss/oxide-win32-x64-msvc"
      ]
    },
    "@tailwindcss/vite@4.1.4_vite@5.4.11": {
      "integrity": "sha512-4UQeMrONbvrsXKXXp/uxmdEN5JIJ9RkH7YVzs6AMxC/KC1+Np7WZBaNIco7TEjlkthqxZbt8pU/ipD+hKjm80A==",
      "dependencies": [
        "@tailwindcss/node",
        "@tailwindcss/oxide",
        "tailwindcss",
        "vite"
      ]
    },
    "@tybys/wasm-util@0.9.0": {
      "integrity": "sha512-6+7nlbMVX/PVDCwaIQ8nTOPveOcFLSt8GcXdx8hD0bt39uWxYT88uXzqTd4fTvqta7oeUJqudepapKNt2DYJFw==",
      "dependencies": [
        "tslib"
      ]
    },
    "@types/cookie@0.6.0": {
      "integrity": "sha512-4Kh9a6B2bQciAhf7FSuMRRkUWecJgJu9nPnx3yzpsfXX/c50REIqpHY4C82bXP90qrLtXtkDxTZosYO3UpOwlA=="
    },
    "@types/estree@1.0.6": {
      "integrity": "sha512-AYnb1nQyY49te+VRAVgmzfcgjYS91mY5P0TKUDCLEM+gNnA+3T6rWITXRLYCpahpqSQbN5cE+gHpnPyXjHWxcw=="
    },
    "@zag-js/accordion@1.11.0": {
      "integrity": "sha512-s0TBz7ZiKe4y+J1N0sTUchmyIafapQwxVlPRO9VOybxE0QUCcQZ6NPBr3OwdWSBy0vVjPnm+xSMdy96KKTfkDw==",
      "dependencies": [
        "@zag-js/anatomy",
        "@zag-js/core",
        "@zag-js/dom-query",
        "@zag-js/types",
        "@zag-js/utils"
      ]
    },
    "@zag-js/anatomy@1.11.0": {
      "integrity": "sha512-F7fhQ0XhfjYcEete39PlI533t+lJaZwj8/1tlXvFkJQF26hxNbruYrdGwq4W0onhytMFAIV9/jTePzrO09/+FA=="
    },
    "@zag-js/aria-hidden@1.11.0": {
      "integrity": "sha512-a/E/M8Ov5U6erS7hRlVGLWRHBd74SICtR8u0PbXqAZTRotfCad2qfEV5qFwn2x+TUgNEENmIUNlwF1qkAOrTtw=="
    },
    "@zag-js/auto-resize@1.11.0": {
      "integrity": "sha512-nluGoFfT6AqrCaiIWzxYdOzfutJoZncA0KXukwzbQ7nU5VGxLvh+FOZVxl+GXuClYu8jzvmBJEP6v1z/+UwryQ==",
      "dependencies": [
        "@zag-js/dom-query"
      ]
    },
    "@zag-js/avatar@1.11.0": {
      "integrity": "sha512-4D8Lk7mKm2Dy62pUe0x0vEzkXKj48MQg6MwwdN24Kt+Zd3zTsx22e9RhindN9d6xgREY05ZGsQw1BUb/jnCeAQ==",
      "dependencies": [
        "@zag-js/anatomy",
        "@zag-js/core",
        "@zag-js/dom-query",
        "@zag-js/types",
        "@zag-js/utils"
      ]
    },
    "@zag-js/collection@1.11.0": {
      "integrity": "sha512-nxgPxjK8pcPfwO2E5D64sRymD2Ul+8WMznBZqOHJ0stQu+aCRS4kJXRZ1t+TyfABFGfCKygJO8ioojJ1xABTQA==",
      "dependencies": [
        "@zag-js/utils"
      ]
    },
    "@zag-js/combobox@1.11.0": {
      "integrity": "sha512-7ODANQtW4up8u+vtvoDfx+cq+x11c8ZiZVz7ZqdM4SQbGSC840RscQNHuSkKJUlvtLc2R+xOdE3bLrWnVFT3Tg==",
      "dependencies": [
        "@zag-js/anatomy",
        "@zag-js/aria-hidden",
        "@zag-js/collection",
        "@zag-js/core",
        "@zag-js/dismissable",
        "@zag-js/dom-query",
        "@zag-js/popper",
        "@zag-js/types",
        "@zag-js/utils"
      ]
    },
    "@zag-js/core@1.11.0": {
      "integrity": "sha512-ziOap7d/VJte+quc+cjrCQlJ92W7+eJ3eICfmt7KzQx5kQV7T6KcD0AJQwpT9EaBFeW5gJlLQcscyJFO3vq2eQ==",
      "dependencies": [
        "@zag-js/dom-query",
        "@zag-js/utils"
      ]
    },
    "@zag-js/dialog@1.11.0": {
      "integrity": "sha512-RQfb8RNIy6C07UsvY1lhlwQsNjLcs0u6ew9fhfA+qJtZcYU0kogCKxkHo/uiGPyEHQKDRFH0rK41Fr7oM98+Pw==",
      "dependencies": [
        "@zag-js/anatomy",
        "@zag-js/aria-hidden",
        "@zag-js/core",
        "@zag-js/dismissable",
        "@zag-js/dom-query",
        "@zag-js/focus-trap",
        "@zag-js/remove-scroll",
        "@zag-js/types",
        "@zag-js/utils"
      ]
    },
    "@zag-js/dismissable@1.11.0": {
      "integrity": "sha512-N0HDnrPh4rDj8qPUiIDWMmMAtx0vYgFHCzhNC204zxZsv7vw+IoULP+bKRZOwxiTKtKHuKMZZDGUNktuR/rHIg==",
      "dependencies": [
        "@zag-js/dom-query",
        "@zag-js/interact-outside",
        "@zag-js/utils"
      ]
    },
    "@zag-js/dom-query@1.11.0": {
      "integrity": "sha512-S8EVSktfD2AhRjnm9UBv6ESE+NuSy+2ytiIdhmUmqSWs6hgeSjH5X1+3dZEpGD42u/Zmc2VJgdODbSCp7KeZSQ==",
      "dependencies": [
        "@zag-js/types"
      ]
    },
    "@zag-js/file-upload@1.11.0": {
      "integrity": "sha512-QBsvEaRz3EWOabgv76Oxqzq4OIn1yR+CQ9NhKjfwoU/2OA3+cbab9KK8kfr1Vcy7+j4ovLbOD61NFA6A+aw9fQ==",
      "dependencies": [
        "@zag-js/anatomy",
        "@zag-js/core",
        "@zag-js/dom-query",
        "@zag-js/file-utils",
        "@zag-js/i18n-utils",
        "@zag-js/types",
        "@zag-js/utils"
      ]
    },
    "@zag-js/file-utils@1.11.0": {
      "integrity": "sha512-rQoLyaZGZlTCNCdIrkSFyP9IEbEBLAwxV74TtwIAIug+GoQ7zB7qF/d1mkc8S0T3m/5I1P4RO4HCG8nJ0mGi5g==",
      "dependencies": [
        "@zag-js/i18n-utils"
      ]
    },
    "@zag-js/focus-trap@1.11.0": {
      "integrity": "sha512-E+/bSxpgcNCsJe8mnBYrCSrzIvCAwp+JqmZPkvm6Vv+/UZNKDOh/vmZmmWA85X0QY5QRggyxo5tMTpVT4CJ2iw==",
      "dependencies": [
        "@zag-js/dom-query"
      ]
    },
    "@zag-js/focus-visible@1.11.0": {
      "integrity": "sha512-Y6iMvWdOuv+L/i2VKCdmA5vBHnS8udrQ639GI6tVWnbv6gbsz21CMC2/tgqHhzrD7V+inNRunOCAy2chfdFtCQ==",
      "dependencies": [
        "@zag-js/dom-query"
      ]
    },
    "@zag-js/i18n-utils@1.11.0": {
      "integrity": "sha512-1wynwC5a2kcjUxmdm1l7FJahYC9GXwww4dowVbyrGf7fQ0yxe4jVLFljlskGcsJae6oFfHOWP4Ys3k3xugpLQw==",
      "dependencies": [
        "@zag-js/dom-query"
      ]
    },
    "@zag-js/interact-outside@1.11.0": {
      "integrity": "sha512-iyoU2PfC3TBVhZQ+iZigkyx6hxGBPSfFlWV/C6NMCnHGS0coL/DVAxKB9P5/12kbu8aIrtE867cgANLBKgBYCQ==",
      "dependencies": [
        "@zag-js/dom-query",
        "@zag-js/utils"
      ]
    },
    "@zag-js/live-region@1.11.0": {
      "integrity": "sha512-jaQAonxaSvwymJVqZc6FjpJdAQT7Y4aKx8Nc9iDId9tBX32DLY3sUrQo8WaX9P0LKRldf8IbOGDBRLV397i11A=="
    },
    "@zag-js/pagination@1.11.0": {
      "integrity": "sha512-AQ4U46k96CSKKYVq0dArtJMGYSd6iul6Sj7ijd+MXziSFqKgEbZhpvNLIVm1AHXCvTbZLRSg73r642nDXAuoIQ==",
      "dependencies": [
        "@zag-js/anatomy",
        "@zag-js/core",
        "@zag-js/dom-query",
        "@zag-js/types",
        "@zag-js/utils"
      ]
    },
    "@zag-js/popover@1.11.0": {
      "integrity": "sha512-BBDqfr/JDWEy4cyNX4viCjRIHEkJONM0lxE9zPeOax6aygb1tQTZeJSCSzvKlkLhuprkk+BoqHhKgCmy+VPCmw==",
      "dependencies": [
        "@zag-js/anatomy",
        "@zag-js/aria-hidden",
        "@zag-js/core",
        "@zag-js/dismissable",
        "@zag-js/dom-query",
        "@zag-js/focus-trap",
        "@zag-js/popper",
        "@zag-js/remove-scroll",
        "@zag-js/types",
        "@zag-js/utils"
      ]
    },
    "@zag-js/popper@1.11.0": {
      "integrity": "sha512-rC38NTIfRh3J1UlXg0BRO57g8QbCSuhvn5Lw3Irl3uLvxawNTDyNT1ag0ZCIZJ32Qe8Ob1MvZCbjqldTkb82PQ==",
      "dependencies": [
        "@floating-ui/dom",
        "@zag-js/dom-query",
        "@zag-js/utils"
      ]
    },
    "@zag-js/progress@1.11.0": {
      "integrity": "sha512-UJcvoq07E6giUdPlZXJWnmA0HhWop2GC4ZS+R931CMkAkGBGtIwyOKbFa+sDTCfIs2mIVqzvJD9NHl1vMoX6qQ==",
      "dependencies": [
        "@zag-js/anatomy",
        "@zag-js/core",
        "@zag-js/dom-query",
        "@zag-js/types",
        "@zag-js/utils"
      ]
    },
    "@zag-js/radio-group@1.11.0": {
      "integrity": "sha512-9zmQxVo4xkKCbrJ88YavLPSuc+qZ6yE66+TPu4lQn/tvsMMa32liIMMRZPEf4ltJfPQyP1Wdos88VUBXBF0NGg==",
      "dependencies": [
        "@zag-js/anatomy",
        "@zag-js/core",
        "@zag-js/dom-query",
        "@zag-js/focus-visible",
        "@zag-js/types",
        "@zag-js/utils"
      ]
    },
    "@zag-js/rating-group@1.11.0": {
      "integrity": "sha512-OuCcEKW6jmpxCmhBjqPpiXxq0XM1Eth6Ndh2PMH9dsshm70laPBvqAjXpGzXD1tZHiePacSImVk/7xC3xWRlLA==",
      "dependencies": [
        "@zag-js/anatomy",
        "@zag-js/core",
        "@zag-js/dom-query",
        "@zag-js/types",
        "@zag-js/utils"
      ]
    },
    "@zag-js/remove-scroll@1.11.0": {
      "integrity": "sha512-ngHJoltzbIB6A0PfUwiOKRUA67Jwxkmy4KA4o/mo9RAAnCYS3ivpmoB6gvmksBFURbYHX9LQ1X8OTJAOJLQ4Xg==",
      "dependencies": [
        "@zag-js/dom-query"
      ]
    },
    "@zag-js/slider@1.11.0": {
      "integrity": "sha512-tJsxj+gzeLLatjkWZLq0yw2Vcw3qsNrLV1JMPnKBcsG8RaMqbQymUxoSyvuBNCy+GuXH6tcm6sLHtJf5zogOXg==",
      "dependencies": [
        "@zag-js/anatomy",
        "@zag-js/core",
        "@zag-js/dom-query",
        "@zag-js/types",
        "@zag-js/utils"
      ]
    },
    "@zag-js/store@1.11.0": {
      "integrity": "sha512-+TvX9txkWdbORXD91DqvbzwNeyvm4WVQZyuf5kFghChLbGuUo73yCJzxld4HxYvhnbIAPuSQ4dSYy5HP0qh43w==",
      "dependencies": [
        "proxy-compare"
      ]
    },
    "@zag-js/svelte@1.11.0_svelte@5.25.3__acorn@8.14.0": {
      "integrity": "sha512-VbTRoNmZvq5TqzPU21odDgF+sebRLJ0hnAfTbjE1+BDWRHcJMNjJiKki+NvfNM1SvVOiAt4PGVoP9bBTmmxClQ==",
      "dependencies": [
        "@zag-js/core",
        "@zag-js/types",
        "@zag-js/utils",
        "svelte@5.25.3_acorn@8.14.0"
      ]
    },
    "@zag-js/switch@1.11.0": {
      "integrity": "sha512-qWnZuInkxTA+bM2aO/DuBFGKj1c+IfvyFoKxT0D7hdRU2VC72hhnMGrd9R3pX/yV1SQsB8ZygRL6bbCcTO5Q4Q==",
      "dependencies": [
        "@zag-js/anatomy",
        "@zag-js/core",
        "@zag-js/dom-query",
        "@zag-js/focus-visible",
        "@zag-js/types",
        "@zag-js/utils"
      ]
    },
    "@zag-js/tabs@1.11.0": {
      "integrity": "sha512-KciX1yrFP2mDJ9YikG3C5lwZ9YvAd5t2jlHb6LrLI7oTBTf03C+U3F2DZC4YFgZpuXqTju56ih3ug2T0liINUw==",
      "dependencies": [
        "@zag-js/anatomy",
        "@zag-js/core",
        "@zag-js/dom-query",
        "@zag-js/types",
        "@zag-js/utils"
      ]
    },
    "@zag-js/tags-input@1.11.0": {
      "integrity": "sha512-6jvCujduE6eX08fDnxyLgcdQHUUDGB0zs7HQKnonsmlpPwD+XISvFcZPK8SgNYAHxlofMfIR3U2p95h1G0Qe8w==",
      "dependencies": [
        "@zag-js/anatomy",
        "@zag-js/auto-resize",
        "@zag-js/core",
        "@zag-js/dom-query",
        "@zag-js/interact-outside",
        "@zag-js/live-region",
        "@zag-js/types",
        "@zag-js/utils"
      ]
    },
    "@zag-js/toast@1.11.0": {
      "integrity": "sha512-KcMR6w+TpkosGpG8pVTjjnxiFJVYwZVtzU0yNJIK7+4iiw0uO3sWCK1ty2BM2PXSDkAKt0J2A+M4v4jYAZ51mQ==",
      "dependencies": [
        "@zag-js/anatomy",
        "@zag-js/core",
        "@zag-js/dismissable",
        "@zag-js/dom-query",
        "@zag-js/types",
        "@zag-js/utils"
      ]
    },
    "@zag-js/tooltip@1.11.0": {
      "integrity": "sha512-13fLXAvK4AHXOqxkoNrli+6bCrmqLyRl2vtVH6qnTfKR9KsdhMUXVjIr1qcfZZuPksiOPcOT7c1yWcK1z/dKFw==",
      "dependencies": [
        "@zag-js/anatomy",
        "@zag-js/core",
        "@zag-js/dom-query",
        "@zag-js/focus-visible",
        "@zag-js/popper",
        "@zag-js/store",
        "@zag-js/types",
        "@zag-js/utils"
      ]
    },
    "@zag-js/types@1.11.0": {
      "integrity": "sha512-ovlrKX3/by7MqNiITF0XcLvitsUFKQbRAhztanWMShPsBG3ii0cQViY97fGKamXEpWcFvX2AxipP1umiPQ755A==",
      "dependencies": [
        "csstype"
      ]
    },
    "@zag-js/utils@1.11.0": {
      "integrity": "sha512-XgT01GHOBC284fGeub+p4TKr4TZVaVLeypVy126IfFDpQ7ZmZ4I3vkgyyHg9RzG4O25Y5SmchEB9BuEWHz7gzg=="
    },
    "acorn-typescript@1.4.13_acorn@8.14.0": {
      "integrity": "sha512-xsc9Xv0xlVfwp2o7sQ+GCQ1PgbkdcpWdTzrwXxO3xDMTAywVS3oXVOcOHuRjAPkS4P9b+yc/qNF15460v+jp4Q==",
      "dependencies": [
        "acorn"
      ]
    },
    "acorn@8.14.0": {
      "integrity": "sha512-cl669nCJTZBsL97OF4kUQm5g5hC2uihk0NxY3WENAC0TYdILVkAyHymAntgxGkl7K+t0cXIrH5siy5S4XkFycA=="
    },
    "aria-query@5.3.2": {
      "integrity": "sha512-COROpnaoap1E2F000S62r6A60uHZnmlvomhfyT2DlTcrY1OrBKn2UhH7qn5wTC9zMvD0AY7csdPSNwKP+7WiQw=="
    },
    "axobject-query@4.1.0": {
      "integrity": "sha512-qIj0G9wZbMGNLjLmg1PT6v2mE9AH2zlnADJD/2tC6E00hgmhUOfEB6greHPAfLRSufHqROIUTkw6E+M3lH0PTQ=="
    },
    "clsx@2.1.1": {
      "integrity": "sha512-eYm0QWBtUrBWZWG0d386OGAw16Z995PiOVo2B7bjWSbHedGl5e0ZWaq65kOGgUSNesEIDkB9ISbTg/JK9dhCZA=="
    },
    "cookie@0.6.0": {
      "integrity": "sha512-U71cyTamuh1CRNCfpGY6to28lxvNwPG4Guz/EVjgf3Jmzv0vlDp1atT9eS5dDjMYHucpHbWns6Lwf3BKz6svdw=="
    },
    "csstype@3.1.3": {
      "integrity": "sha512-M1uQkMl8rQK/szD0LNhtqxIPLpimGm8sOBwU7lLnCpSbTyY3yeU1Vc7l4KT5zT4s/yOxHH5O7tIuuLOCnLADRw=="
    },
    "debug@4.4.0": {
      "integrity": "sha512-6WTZ/IxCY/T6BALoZHaE4ctp9xm+Z5kY/pzYaCHRFeyVhojxlrm+46y68HA6hr0TcwEssoxNiDEUJQjfPZ/RYA==",
      "dependencies": [
        "ms"
      ]
    },
    "deepmerge@4.3.1": {
      "integrity": "sha512-3sUqbMEc77XqpdNO7FRyRog+eW3ph+GYCbj+rK+uYyRMuwsVy0rMiVtPn+QJlKFvWP/1PYpapqYn0Me2knFn+A=="
    },
    "detect-libc@2.0.4": {
      "integrity": "sha512-3UDv+G9CsCKO1WKMGw9fwq/SWJYbI0c5Y7LU1AXYoDdbhE2AHQ6N6Nb34sG8Fj7T5APy8qXDCKuuIHd1BR0tVA=="
    },
    "devalue@5.1.1": {
      "integrity": "sha512-maua5KUiapvEwiEAe+XnlZ3Rh0GD+qI1J/nb9vrJc3muPXvcF/8gXYTWF76+5DAqHyDUtOIImEuo0YKE9mshVw=="
    },
    "enhanced-resolve@5.18.1": {
      "integrity": "sha512-ZSW3ma5GkcQBIpwZTSRAI8N71Uuwgs93IezB7mf7R60tC8ZbJideoDNKjHn2O9KIlx6rkGTTEk1xUCK2E1Y2Yg==",
      "dependencies": [
        "graceful-fs",
        "tapable"
      ]
    },
    "esbuild@0.21.5": {
      "integrity": "sha512-mg3OPMV4hXywwpoDxu3Qda5xCKQi+vCTZq8S9J/EpkhB2HzKXq4SNFZE3+NK93JYxc8VMSep+lOUSC/RVKaBqw==",
      "dependencies": [
        "@esbuild/aix-ppc64",
        "@esbuild/android-arm",
        "@esbuild/android-arm64",
        "@esbuild/android-x64",
        "@esbuild/darwin-arm64",
        "@esbuild/darwin-x64",
        "@esbuild/freebsd-arm64",
        "@esbuild/freebsd-x64",
        "@esbuild/linux-arm",
        "@esbuild/linux-arm64",
        "@esbuild/linux-ia32",
        "@esbuild/linux-loong64",
        "@esbuild/linux-mips64el",
        "@esbuild/linux-ppc64",
        "@esbuild/linux-riscv64",
        "@esbuild/linux-s390x",
        "@esbuild/linux-x64",
        "@esbuild/netbsd-x64",
        "@esbuild/openbsd-x64",
        "@esbuild/sunos-x64",
        "@esbuild/win32-arm64",
        "@esbuild/win32-ia32",
        "@esbuild/win32-x64"
      ]
    },
    "esm-env@1.2.2": {
      "integrity": "sha512-Epxrv+Nr/CaL4ZcFGPJIYLWFom+YeV1DqMLHJoEd9SYRxNbaFruBwfEX/kkHUJf55j2+TUbmDcmuilbP1TmXHA=="
    },
    "esrap@1.4.3": {
      "integrity": "sha512-Xddc1RsoFJ4z9nR7W7BFaEPIp4UXoeQ0+077UdWLxbafMQFyU79sQJMk7kxNgRwQ9/aVgaKacCHC2pUACGwmYw==",
      "dependencies": [
        "@jridgewell/sourcemap-codec"
      ]
    },
    "fsevents@2.3.3": {
      "integrity": "sha512-5xoDfX+fL7faATnagmWPpbFtwh/R77WmMMqqHGS65C3vvB0YHrgF+B1YmZ3441tMj5n63k0212XNoJwzlhffQw=="
    },
    "graceful-fs@4.2.11": {
      "integrity": "sha512-RbJ5/jmFcNNCcDV5o9eTnBLJ/HszWV0P73bc+Ff4nS/rJj+YaS6IGyiOL0VoBYX+l1Wrl3k63h/KrH+nhJ0XvQ=="
    },
    "import-meta-resolve@4.1.0": {
      "integrity": "sha512-I6fiaX09Xivtk+THaMfAwnA3MVA5Big1WHF1Dfx9hFuvNIWpXnorlkzhcQf6ehrqQiiZECRt1poOAkPmer3ruw=="
    },
    "is-reference@3.0.3": {
      "integrity": "sha512-ixkJoqQvAP88E6wLydLGGqCJsrFUnqoH6HnaczB8XmDH1oaWU+xxdptvikTgaEhtZ53Ky6YXiBuUI2WXLMCwjw==",
      "dependencies": [
        "@types/estree"
      ]
    },
    "jiti@2.4.2": {
      "integrity": "sha512-rg9zJN+G4n2nfJl5MW3BMygZX56zKPNVEYYqq7adpmMh4Jn2QNEwhvQlFy6jPVdcod7txZtKHWnyZiA3a0zP7A=="
    },
    "kleur@4.1.5": {
      "integrity": "sha512-o+NO+8WrRiQEE4/7nwRJhN1HWpVmJm511pBHUxPLtp0BUISzlBplORYSmTclCnJvQq2tKu/sgl3xVpkc7ZWuQQ=="
    },
    "lightningcss-darwin-arm64@1.29.2": {
      "integrity": "sha512-cK/eMabSViKn/PG8U/a7aCorpeKLMlK0bQeNHmdb7qUnBkNPnL+oV5DjJUo0kqWsJUapZsM4jCfYItbqBDvlcA=="
    },
    "lightningcss-darwin-x64@1.29.2": {
      "integrity": "sha512-j5qYxamyQw4kDXX5hnnCKMf3mLlHvG44f24Qyi2965/Ycz829MYqjrVg2H8BidybHBp9kom4D7DR5VqCKDXS0w=="
    },
    "lightningcss-freebsd-x64@1.29.2": {
      "integrity": "sha512-wDk7M2tM78Ii8ek9YjnY8MjV5f5JN2qNVO+/0BAGZRvXKtQrBC4/cn4ssQIpKIPP44YXw6gFdpUF+Ps+RGsCwg=="
    },
    "lightningcss-linux-arm-gnueabihf@1.29.2": {
      "integrity": "sha512-IRUrOrAF2Z+KExdExe3Rz7NSTuuJ2HvCGlMKoquK5pjvo2JY4Rybr+NrKnq0U0hZnx5AnGsuFHjGnNT14w26sg=="
    },
    "lightningcss-linux-arm64-gnu@1.29.2": {
      "integrity": "sha512-KKCpOlmhdjvUTX/mBuaKemp0oeDIBBLFiU5Fnqxh1/DZ4JPZi4evEH7TKoSBFOSOV3J7iEmmBaw/8dpiUvRKlQ=="
    },
    "lightningcss-linux-arm64-musl@1.29.2": {
      "integrity": "sha512-Q64eM1bPlOOUgxFmoPUefqzY1yV3ctFPE6d/Vt7WzLW4rKTv7MyYNky+FWxRpLkNASTnKQUaiMJ87zNODIrrKQ=="
    },
    "lightningcss-linux-x64-gnu@1.29.2": {
      "integrity": "sha512-0v6idDCPG6epLXtBH/RPkHvYx74CVziHo6TMYga8O2EiQApnUPZsbR9nFNrg2cgBzk1AYqEd95TlrsL7nYABQg=="
    },
    "lightningcss-linux-x64-musl@1.29.2": {
      "integrity": "sha512-rMpz2yawkgGT8RULc5S4WiZopVMOFWjiItBT7aSfDX4NQav6M44rhn5hjtkKzB+wMTRlLLqxkeYEtQ3dd9696w=="
    },
    "lightningcss-win32-arm64-msvc@1.29.2": {
      "integrity": "sha512-nL7zRW6evGQqYVu/bKGK+zShyz8OVzsCotFgc7judbt6wnB2KbiKKJwBE4SGoDBQ1O94RjW4asrCjQL4i8Fhbw=="
    },
    "lightningcss-win32-x64-msvc@1.29.2": {
      "integrity": "sha512-EdIUW3B2vLuHmv7urfzMI/h2fmlnOQBk1xlsDxkN1tCWKjNFjfLhGxYk8C8mzpSfr+A6jFFIi8fU6LbQGsRWjA=="
    },
    "lightningcss@1.29.2": {
      "integrity": "sha512-6b6gd/RUXKaw5keVdSEtqFVdzWnU5jMxTUjA2bVcMNPLwSQ08Sv/UodBVtETLCn7k4S1Ibxwh7k68IwLZPgKaA==",
      "dependencies": [
        "detect-libc",
        "lightningcss-darwin-arm64",
        "lightningcss-darwin-x64",
        "lightningcss-freebsd-x64",
        "lightningcss-linux-arm-gnueabihf",
        "lightningcss-linux-arm64-gnu",
        "lightningcss-linux-arm64-musl",
        "lightningcss-linux-x64-gnu",
        "lightningcss-linux-x64-musl",
        "lightningcss-win32-arm64-msvc",
        "lightningcss-win32-x64-msvc"
      ]
    },
    "locate-character@3.0.0": {
      "integrity": "sha512-SW13ws7BjaeJ6p7Q6CO2nchbYEc3X3J6WrmTTDto7yMPqVSZTUyY5Tjbid+Ab8gLnATtygYtiDIJGQRRn2ZOiA=="
    },
    "magic-string@0.30.17": {
      "integrity": "sha512-sNPKHvyjVf7gyjwS4xGTaW/mCnF8wnjtifKBEhxfZ7E/S8tQ0rssrwGNn6q8JH/ohItJfSQp9mBtQYuTlH5QnA==",
      "dependencies": [
        "@jridgewell/sourcemap-codec"
      ]
    },
    "mini-svg-data-uri@1.4.4": {
      "integrity": "sha512-r9deDe9p5FJUPZAk3A59wGH7Ii9YrjjWw0jmw/liSbHl2CHiyXj6FcDXDu2K3TjVAXqiJdaw3xxwlZZr9E6nHg=="
    },
    "mri@1.2.0": {
      "integrity": "sha512-tzzskb3bG8LvYGFF/mDTpq3jpI6Q9wc3LEmBaghu+DdCssd1FakN7Bc0hVNmEyGq1bq3RgfkCb3cmQLpNPOroA=="
    },
    "mrmime@2.0.0": {
      "integrity": "sha512-eu38+hdgojoyq63s+yTpN4XMBdt5l8HhMhc4VKLO9KM5caLIBvUm4thi7fFaxyTmCKeNnXZ5pAlBwCUnhA09uw=="
    },
    "ms@2.1.3": {
      "integrity": "sha512-6FlzubTLZG3J2a/NVCAleEhjzq5oxgHyaCU9yYXvcLsvoVaHJq/s5xXI6/XXP6tz7R9xAOtHnSO/tXtF3WRTlA=="
    },
    "nanoid@3.3.8": {
      "integrity": "sha512-WNLf5Sd8oZxOm+TzppcYk8gVOgP+l58xNy58D0nbUnOxOWRWvlcCV4kUF7ltmI6PsrLl/BgKEyS4mqsGChFN0w=="
    },
    "picocolors@1.1.1": {
      "integrity": "sha512-xceH2snhtb5M9liqDsmEw56le376mTZkEX/jEb/RxNFyegNul7eNslCXP9FDj/Lcu0X8KEyMceP2ntpaHrDEVA=="
    },
    "postcss@8.5.1": {
      "integrity": "sha512-6oz2beyjc5VMn/KV1pPw8fliQkhBXrVn1Z3TVyqZxU8kZpzEKhBdmCFqI6ZbmGtamQvQGuU1sgPTk8ZrXDD7jQ==",
      "dependencies": [
        "nanoid",
        "picocolors",
        "source-map-js"
      ]
    },
    "proxy-compare@3.0.1": {
      "integrity": "sha512-V9plBAt3qjMlS1+nC8771KNf6oJ12gExvaxnNzN/9yVRLdTv/lc+oJlnSzrdYDAvBfTStPCoiaCOTmTs0adv7Q=="
    },
    "rollup@4.31.0": {
      "integrity": "sha512-9cCE8P4rZLx9+PjoyqHLs31V9a9Vpvfo4qNcs6JCiGWYhw2gijSetFbH6SSy1whnkgcefnUwr8sad7tgqsGvnw==",
      "dependencies": [
        "@rollup/rollup-android-arm-eabi",
        "@rollup/rollup-android-arm64",
        "@rollup/rollup-darwin-arm64",
        "@rollup/rollup-darwin-x64",
        "@rollup/rollup-freebsd-arm64",
        "@rollup/rollup-freebsd-x64",
        "@rollup/rollup-linux-arm-gnueabihf",
        "@rollup/rollup-linux-arm-musleabihf",
        "@rollup/rollup-linux-arm64-gnu",
        "@rollup/rollup-linux-arm64-musl",
        "@rollup/rollup-linux-loongarch64-gnu",
        "@rollup/rollup-linux-powerpc64le-gnu",
        "@rollup/rollup-linux-riscv64-gnu",
        "@rollup/rollup-linux-s390x-gnu",
        "@rollup/rollup-linux-x64-gnu",
        "@rollup/rollup-linux-x64-musl",
        "@rollup/rollup-win32-arm64-msvc",
        "@rollup/rollup-win32-ia32-msvc",
        "@rollup/rollup-win32-x64-msvc",
        "@types/estree",
        "fsevents"
      ]
    },
    "sade@1.8.1": {
      "integrity": "sha512-xal3CZX1Xlo/k4ApwCFrHVACi9fBqJ7V+mwhBsuf/1IOKbBy098Fex+Wa/5QMubw09pSZ/u8EY8PWgevJsXp1A==",
      "dependencies": [
        "mri"
      ]
    },
    "set-cookie-parser@2.7.1": {
      "integrity": "sha512-IOc8uWeOZgnb3ptbCURJWNjWUPcO3ZnTTdzsurqERrP6nPyv+paC55vJM0LpOlT2ne+Ix+9+CRG1MNLlyZ4GjQ=="
    },
    "sirv@3.0.0": {
      "integrity": "sha512-BPwJGUeDaDCHihkORDchNyyTvWFhcusy1XMmhEVTQTwGeybFbp8YEmB+njbPnth1FibULBSBVwCQni25XlCUDg==",
      "dependencies": [
        "@polka/url",
        "mrmime",
        "totalist"
      ]
    },
    "source-map-js@1.2.1": {
      "integrity": "sha512-UXWMKhLOwVKb728IUtQPXxfYU+usdybtUrK/8uGE8CQMvrhOpwvzDBwj0QhSL7MQc7vIsISBG8VQ8+IDQxpfQA=="
    },
    "svelte@5.19.0_acorn@8.14.0": {
      "integrity": "sha512-qvd2GvvYnJxS/MteQKFSMyq8cQrAAut28QZ39ySv9k3ggmhw4Au4Rfcsqva74i0xMys//OhbhVCNfXPrDzL/Bg==",
      "dependencies": [
        "@ampproject/remapping",
        "@jridgewell/sourcemap-codec",
        "@types/estree",
        "acorn",
        "acorn-typescript",
        "aria-query",
        "axobject-query",
        "clsx",
        "esm-env",
        "esrap",
        "is-reference",
        "locate-character",
        "magic-string",
        "zimmerframe"
      ]
    },
    "svelte@5.25.3_acorn@8.14.0": {
      "integrity": "sha512-J9rcZ/xVJonAoESqVGHHZhrNdVbrCfkdB41BP6eiwHMoFShD9it3yZXApVYMHdGfCshBsZCKsajwJeBbS/M1zg==",
      "dependencies": [
        "@ampproject/remapping",
        "@jridgewell/sourcemap-codec",
        "@sveltejs/acorn-typescript",
        "@types/estree",
        "acorn",
        "aria-query",
        "axobject-query",
        "clsx",
        "esm-env",
        "esrap",
        "is-reference",
        "locate-character",
        "magic-string",
        "zimmerframe"
      ]
    },
    "tailwindcss@4.1.4": {
      "integrity": "sha512-1ZIUqtPITFbv/DxRmDr5/agPqJwF69d24m9qmM1939TJehgY539CtzeZRjbLt5G6fSy/7YqqYsfvoTEw9xUI2A=="
    },
    "tapable@2.2.1": {
      "integrity": "sha512-GNzQvQTOIP6RyTfE2Qxb8ZVlNmw0n88vp1szwWRimP02mnTsx3Wtn5qRdqY9w2XduFNUgvOwhNnQsjwCp+kqaQ=="
    },
    "totalist@3.0.1": {
      "integrity": "sha512-sf4i37nQ2LBx4m3wB74y+ubopq6W/dIzXg0FDGjsYnZHVa1Da8FH853wlL2gtUhg+xJXjfk3kUZS3BRoQeoQBQ=="
    },
    "tslib@2.8.1": {
      "integrity": "sha512-oJFu94HQb+KVduSUQL7wnpmqnfmLsOA/nAh6b6EH0wCEoK0/mPeXU6c3wKDV83MkOuHPRHtSXKKU99IBazS/2w=="
    },
    "vite@5.4.11": {
      "integrity": "sha512-c7jFQRklXua0mTzneGW9QVyxFjUgwcihC4bXEtujIo2ouWCe1Ajt/amn2PCxYnhYfd5k09JX3SB7OYWFKYqj8Q==",
      "dependencies": [
        "esbuild",
        "fsevents",
        "postcss",
        "rollup"
      ]
    },
    "vitefu@1.0.5_vite@5.4.11": {
      "integrity": "sha512-h4Vflt9gxODPFNGPwp4zAMZRpZR7eslzwH2c5hn5kNZ5rhnKyRJ50U+yGCdc2IRaBs8O4haIgLNGrV5CrpMsCA==",
      "dependencies": [
        "vite"
      ]
    },
    "zimmerframe@1.1.2": {
      "integrity": "sha512-rAbqEGa8ovJy4pyBxZM70hg4pE6gDgaQ0Sl9M3enG3I0d6H4XSAM3GeNGLKnsBpuijUow064sf7ww1nutC5/3w=="
    }
  },
  "workspace": {
    "packageJson": {
      "dependencies": [
        "npm:@skeletonlabs/skeleton-svelte@^1.0.0-next.22",
        "npm:@skeletonlabs/skeleton@^3.0.0-next.13",
        "npm:@sveltejs/adapter-auto@4",
        "npm:@sveltejs/adapter-static@3",
        "npm:@sveltejs/kit@2",
        "npm:@sveltejs/vite-plugin-svelte@4",
        "npm:@tailwindcss/forms@~0.5.10",
        "npm:@tailwindcss/vite@^4.1.4",
        "npm:svelte@5",
        "npm:tailwindcss@^4.1.4",
        "npm:vite@^5.4.11"
      ]
    }
  }
}
